
Microsoft Visual Studio Solution File, Format Version 12.00
# Visual Studio Version 16
VisualStudioVersion = 25.0.1706.9
MinimumVisualStudioVersion = 10.0.40219.1
Project("{FAE04EC0-301F-11D3-BF4B-00C04F79EFBC}") = "HopsHub.Shared", "HopsHub.Shared.csproj", "{244D1A44-8D8F-44A0-ACC2-1D4AE9A36284}"
EndProject
Global
	GlobalSection(SolutionConfigurationPlatforms) = preSolution
		Debug|Any CPU = Debug|Any CPU
		Release|Any CPU = Release|Any CPU
	EndGlobalSection
	GlobalSection(ProjectConfigurationPlatforms) = postSolution
		{244D1A44-8D8F-44A0-ACC2-1D4AE9A36284}.Debug|Any CPU.ActiveCfg = Debug|Any CPU
		{244D1A44-8D8F-44A0-ACC2-1D4AE9A36284}.Debug|Any CPU.Build.0 = Debug|Any CPU
		{244D1A44-8D8F-44A0-ACC2-1D4AE9A36284}.Release|Any CPU.ActiveCfg = Release|Any CPU
		{244D1A44-8D8F-44A0-ACC2-1D4AE9A36284}.Release|Any CPU.Build.0 = Release|Any CPU
	EndGlobalSection
	GlobalSection(SolutionProperties) = preSolution
		HideSolutionNode = FALSE
	EndGlobalSection
	GlobalSection(ExtensibilityGlobals) = postSolution
		SolutionGuid = {BB04656B-92A2-4E9E-8C6F-26CC2B184703}
	EndGlobalSection
EndGlobal
